{
  "name": "gardener-search",
  "version": "0.0.1",
  "lockfileVersion": 2,
  "requires": true,
  "packages": {
    "": {
      "name": "gardener-search",
      "version": "0.0.1",
      "license": "MIT",
      "devDependencies": {
        "@stencil/core": "^1.17.4",
        "@stencil/sass": "^1.5.2"
      }
    },
    "node_modules/@stencil/core": {
      "version": "1.17.4",
      "resolved": "https://registry.npmjs.org/@stencil/core/-/core-1.17.4.tgz",
      "integrity": "sha512-dmuNYM6fnHPvE2ptHoUBQtjcpXqrHnkDtdyUD6/JrZWcJt6jBtrykewObOxzpDCMLs+NT7668ussRagdVL03gQ==",
      "dev": true,
      "dependencies": {
        "typescript": "3.9.7"
      },
      "bin": {
        "stencil": "bin/stencil"
      },
      "engines": {
        "node": ">=10.13.0",
        "npm": ">=6.0.0"
      }
    },
    "node_modules/@stencil/sass": {
      "version": "1.5.2",
      "resolved": "https://registry.npmjs.org/@stencil/sass/-/sass-1.5.2.tgz",
      "integrity": "sha512-nJ93pUSylsGsMX0eLmhxh1oEljcUjj5mYjhB9ziCdoaydAdjukrUoqDCC7tdVbOcBo2hKptQyWqCtETnBGYsXQ==",
      "dev": true,
      "peerDependencies": {
        "@stencil/core": ">=1.0.2"
      }
    },
    "node_modules/typescript": {
      "version": "3.9.7",
      "resolved": "https://registry.npmjs.org/typescript/-/typescript-3.9.7.tgz",
      "integrity": "sha512-BLbiRkiBzAwsjut4x/dsibSTB6yWpwT5qWmC2OfuCg3GgVQCSgMs4vEctYPhsaGtd0AeuuHMkjZ2h2WG8MSzRw==",
      "dev": true,
      "bin": {
        "tsc": "bin/tsc",
        "tsserver": "bin/tsserver"
      },
      "engines": {
        "node": ">=4.2.0"
      }
    }
  },
  "dependencies": {
    "@stencil/core": {
      "version": "1.17.4",
      "resolved": "https://registry.npmjs.org/@stencil/core/-/core-1.17.4.tgz",
      "integrity": "sha512-dmuNYM6fnHPvE2ptHoUBQtjcpXqrHnkDtdyUD6/JrZWcJt6jBtrykewObOxzpDCMLs+NT7668ussRagdVL03gQ==",
      "dev": true,
      "requires": {
        "typescript": "3.9.7"
      }
    },
    "@stencil/sass": {
      "version": "1.5.2",
      "resolved": "https://registry.npmjs.org/@stencil/sass/-/sass-1.5.2.tgz",
      "integrity": "sha512-nJ93pUSylsGsMX0eLmhxh1oEljcUjj5mYjhB9ziCdoaydAdjukrUoqDCC7tdVbOcBo2hKptQyWqCtETnBGYsXQ==",
      "dev": true,
      "requires": {}
    },
    "typescript": {
      "version": "3.9.7",
      "resolved": "https://registry.npmjs.org/typescript/-/typescript-3.9.7.tgz",
      "integrity": "sha512-BLbiRkiBzAwsjut4x/dsibSTB6yWpwT5qWmC2OfuCg3GgVQCSgMs4vEctYPhsaGtd0AeuuHMkjZ2h2WG8MSzRw==",
      "dev": true
    }
  }
}
